{
  "nodes": {
    "agenix": {
      "inputs": {
        "darwin": [
          "nix-darwin"
        ],
        "home-manager": [
          "home-manager"
        ],
        "nixpkgs": [
          "nixpkgs"
        ],
        "systems": "systems"
      },
      "locked": {
        "lastModified": 1747575206,
        "owner": "ryantm",
        "repo": "agenix",
        "rev": "4835b1dc898959d8547a871ef484930675cb47f1",
        "type": "github"
      },
      "original": {
        "owner": "ryantm",
        "repo": "agenix",
        "type": "github"
      }
    },
    "ags": {
      "inputs": {
        "astal": "astal",
        "nixpkgs": [
          "hyprpanel",
          "nixpkgs"
        ]
      },
      "locked": {
        "lastModified": 1744557573,
        "narHash": "sha256-XAyj0iDuI51BytJ1PwN53uLpzTDdznPDQFG4RwihlTQ=",
        "owner": "aylur",
        "repo": "ags",
        "rev": "3ed9737bdbc8fc7a7c7ceef2165c9109f336bff6",
        "type": "github"
      },
      "original": {
        "owner": "aylur",
        "repo": "ags",
        "type": "github"
      }
    },
    "astal": {
      "inputs": {
        "nixpkgs": [
          "hyprpanel",
          "ags",
          "nixpkgs"
        ]
      },
      "locked": {
        "lastModified": 1742571008,
        "narHash": "sha256-5WgfJAeBpxiKbTR/gJvxrGYfqQRge5aUDcGKmU1YZ1Q=",
        "owner": "aylur",
        "repo": "astal",
        "rev": "dc0e5d37abe9424c53dcbd2506a4886ffee6296e",
        "type": "github"
      },
      "original": {
        "owner": "aylur",
        "repo": "astal",
        "type": "github"
      }
    },
    "astal_2": {
      "inputs": {
        "nixpkgs": [
          "hyprpanel",
          "nixpkgs"
        ]
      },
      "locked": {
        "lastModified": 1748416910,
        "narHash": "sha256-FEQcs58HL8Fe4i7XlqVEUwthjxwvRvgX15gTTfW17sU=",
        "owner": "aylur",
        "repo": "astal",
        "rev": "c1bd89a47c81c66ab5fc6872db5a916c0433fb89",
        "type": "github"
      },
      "original": {
        "owner": "aylur",
        "repo": "astal",
        "type": "github"
      }
    },
    "fenix": {
      "inputs": {
        "nixpkgs": "nixpkgs",
        "rust-analyzer-src": "rust-analyzer-src"
      },
      "locked": {
        "lastModified": 1749623906,
        "owner": "nix-community",
        "repo": "fenix",
        "rev": "873cccc628f5e39407e319e6711f3b7d6d1f15cc",
        "type": "github"
      },
      "original": {
        "owner": "nix-community",
        "repo": "fenix",
        "type": "github"
      }
    },
    "flake-compat": {
      "flake": false,
      "locked": {
        "lastModified": 1696426674,
        "narHash": "sha256-kvjfFW7WAETZlt09AgDn1MrtKzP7t90Vf7vypd3OL1U=",
        "owner": "edolstra",
        "repo": "flake-compat",
        "rev": "0f9255e01c2351cc7d116c072cb317785dd33b33",
        "type": "github"
      },
      "original": {
        "owner": "edolstra",
        "repo": "flake-compat",
        "type": "github"
      }
    },
    "flake-parts": {
      "inputs": {
        "nixpkgs-lib": [
          "nix",
          "nixpkgs"
        ]
      },
      "locked": {
        "lastModified": 1748821116,
        "narHash": "sha256-F82+gS044J1APL0n4hH50GYdPRv/5JWm34oCJYmVKdE=",
        "rev": "49f0870db23e8c1ca0b5259734a02cd9e1e371a1",
        "revCount": 377,
        "type": "tarball",
        "url": "https://api.flakehub.com/f/pinned/hercules-ci/flake-parts/0.1.377%2Brev-49f0870db23e8c1ca0b5259734a02cd9e1e371a1/01972f28-554a-73f8-91f4-d488cc502f08/source.tar.gz"
      },
      "original": {
        "type": "tarball",
        "url": "https://flakehub.com/f/hercules-ci/flake-parts/0.1"
      }
    },
    "flake-utils": {
      "inputs": {
        "systems": "systems_2"
      },
      "locked": {
        "lastModified": 1731533236,
        "narHash": "sha256-l0KFg5HjrsfsO/JpG+r7fRrqm12kzFHyUHqHCVpMMbI=",
        "owner": "numtide",
        "repo": "flake-utils",
        "rev": "11707dc2f618dd54ca8739b309ec4fc024de578b",
        "type": "github"
      },
      "original": {
        "owner": "numtide",
        "repo": "flake-utils",
        "type": "github"
      }
    },
    "git-hooks-nix": {
      "inputs": {
        "flake-compat": "flake-compat",
        "gitignore": [
          "nix"
        ],
        "nixpkgs": [
          "nix",
          "nixpkgs"
        ]
      },
      "locked": {
        "lastModified": 1747372754,
        "narHash": "sha256-2Y53NGIX2vxfie1rOW0Qb86vjRZ7ngizoo+bnXU9D9k=",
        "rev": "80479b6ec16fefd9c1db3ea13aeb038c60530f46",
        "revCount": 1026,
        "type": "tarball",
        "url": "https://api.flakehub.com/f/pinned/cachix/git-hooks.nix/0.1.1026%2Brev-80479b6ec16fefd9c1db3ea13aeb038c60530f46/0196d79a-1b35-7b8e-a021-c894fb62163d/source.tar.gz"
      },
      "original": {
        "type": "tarball",
        "url": "https://flakehub.com/f/cachix/git-hooks.nix/0.1.941"
      }
    },
    "home-manager": {
      "inputs": {
        "nixpkgs": [
          "nixpkgs"
        ]
      },
      "locked": {
        "lastModified": 1749657191,
        "owner": "nix-community",
        "repo": "home-manager",
        "rev": "faeab32528a9360e9577ff4082de2d35c6bbe1ce",
        "type": "github"
      },
      "original": {
        "owner": "nix-community",
        "repo": "home-manager",
        "type": "github"
      }
    },
    "hyprpanel": {
      "inputs": {
        "ags": "ags",
        "astal": "astal_2",
        "nixpkgs": "nixpkgs_2"
      },
      "locked": {
        "lastModified": 1749022112,
        "owner": "Jas-SinghFSU",
        "repo": "HyprPanel",
        "rev": "20532ee760fdf492afcf987ae091497a37878197",
        "type": "github"
      },
      "original": {
        "owner": "Jas-SinghFSU",
        "repo": "HyprPanel",
        "type": "github"
      }
    },
    "nil": {
      "inputs": {
        "flake-utils": "flake-utils",
        "nixpkgs": "nixpkgs_3",
        "rust-overlay": "rust-overlay"
      },
      "locked": {
        "lastModified": 1741118843,
        "owner": "oxalica",
        "repo": "nil",
        "rev": "577d160da311cc7f5042038456a0713e9863d09e",
        "type": "github"
      },
      "original": {
        "owner": "oxalica",
        "repo": "nil",
        "rev": "577d160da311cc7f5042038456a0713e9863d09e",
        "type": "github"
      }
    },
    "nix": {
      "inputs": {
        "flake-parts": "flake-parts",
        "git-hooks-nix": "git-hooks-nix",
        "nixpkgs": "nixpkgs_4",
        "nixpkgs-23-11": "nixpkgs-23-11",
        "nixpkgs-regression": "nixpkgs-regression"
      },
      "locked": {
        "lastModified": 1749670828,
        "owner": "DeterminateSystems",
        "repo": "nix-src",
        "rev": "c77a857485a005009ed6ce2d96613a716e473af7",
        "type": "github"
      },
      "original": {
        "owner": "DeterminateSystems",
        "repo": "nix-src",
        "type": "github"
      }
    },
    "nix-darwin": {
      "inputs": {
        "nixpkgs": [
          "nixpkgs"
        ]
      },
      "locked": {
        "lastModified": 1749194393,
        "owner": "LnL7",
        "repo": "nix-darwin",
        "rev": "19346808c445f23b08652971be198b9df6c33edc",
        "type": "github"
      },
      "original": {
        "owner": "LnL7",
        "repo": "nix-darwin",
        "type": "github"
      }
    },
    "nixpkgs": {
      "locked": {
        "lastModified": 1749285348,
        "narHash": "sha256-frdhQvPbmDYaScPFiCnfdh3B/Vh81Uuoo0w5TkWmmjU=",
        "owner": "nixos",
        "repo": "nixpkgs",
        "rev": "3e3afe5174c561dee0df6f2c2b2236990146329f",
        "type": "github"
      },
      "original": {
        "owner": "nixos",
        "ref": "nixos-unstable",
        "repo": "nixpkgs",
        "type": "github"
      }
    },
    "nixpkgs-23-11": {
      "locked": {
        "lastModified": 1717159533,
        "narHash": "sha256-oamiKNfr2MS6yH64rUn99mIZjc45nGJlj9eGth/3Xuw=",
        "owner": "NixOS",
        "repo": "nixpkgs",
        "rev": "a62e6edd6d5e1fa0329b8653c801147986f8d446",
        "type": "github"
      },
      "original": {
        "owner": "NixOS",
        "repo": "nixpkgs",
        "rev": "a62e6edd6d5e1fa0329b8653c801147986f8d446",
        "type": "github"
      }
    },
    "nixpkgs-regression": {
      "locked": {
        "lastModified": 1643052045,
        "narHash": "sha256-uGJ0VXIhWKGXxkeNnq4TvV3CIOkUJ3PAoLZ3HMzNVMw=",
        "owner": "NixOS",
        "repo": "nixpkgs",
        "rev": "215d4d0fd80ca5163643b03a33fde804a29cc1e2",
        "type": "github"
      },
      "original": {
        "owner": "NixOS",
        "repo": "nixpkgs",
        "rev": "215d4d0fd80ca5163643b03a33fde804a29cc1e2",
        "type": "github"
      }
    },
    "nixpkgs_2": {
      "locked": {
        "lastModified": 1748370509,
        "narHash": "sha256-QlL8slIgc16W5UaI3w7xHQEP+Qmv/6vSNTpoZrrSlbk=",
        "owner": "nixos",
        "repo": "nixpkgs",
        "rev": "4faa5f5321320e49a78ae7848582f684d64783e9",
        "type": "github"
      },
      "original": {
        "owner": "nixos",
        "ref": "nixos-unstable",
        "repo": "nixpkgs",
        "type": "github"
      }
    },
    "nixpkgs_3": {
      "locked": {
        "lastModified": 1741037377,
        "narHash": "sha256-SvtvVKHaUX4Owb+PasySwZsoc5VUeTf1px34BByiOxw=",
        "owner": "nixos",
        "repo": "nixpkgs",
        "rev": "02032da4af073d0f6110540c8677f16d4be0117f",
        "type": "github"
      },
      "original": {
        "owner": "nixos",
        "ref": "nixpkgs-unstable",
        "repo": "nixpkgs",
        "type": "github"
      }
    },
    "nixpkgs_4": {
      "locked": {
        "lastModified": 1747179050,
        "narHash": "sha256-qhFMmDkeJX9KJwr5H32f1r7Prs7XbQWtO0h3V0a0rFY=",
        "rev": "adaa24fbf46737f3f1b5497bf64bae750f82942e",
        "revCount": 799423,
        "type": "tarball",
        "url": "https://api.flakehub.com/f/pinned/NixOS/nixpkgs/0.1.799423%2Brev-adaa24fbf46737f3f1b5497bf64bae750f82942e/0196d1c3-1974-7bf1-bcf6-06620ac40c8c/source.tar.gz"
      },
      "original": {
        "type": "tarball",
        "url": "https://flakehub.com/f/NixOS/nixpkgs/%3D0.1.799423"
      }
    },
    "nixpkgs_5": {
      "locked": {
        "lastModified": 1749285348,
        "owner": "NixOS",
        "repo": "nixpkgs",
        "rev": "3e3afe5174c561dee0df6f2c2b2236990146329f",
        "type": "github"
      },
      "original": {
        "owner": "NixOS",
        "ref": "nixos-unstable",
        "repo": "nixpkgs",
        "type": "github"
      }
    },
    "nixpkgs_6": {
      "locked": {
        "lastModified": 1748929857,
        "owner": "nixos",
        "repo": "nixpkgs",
        "rev": "c2a03962b8e24e669fb37b7df10e7c79531ff1a4",
        "type": "github"
      },
      "original": {
        "owner": "nixos",
        "ref": "nixos-unstable",
        "repo": "nixpkgs",
        "type": "github"
      }
    },
    "root": {
      "inputs": {
        "agenix": "agenix",
        "fenix": "fenix",
        "home-manager": "home-manager",
        "hyprpanel": "hyprpanel",
        "nil": "nil",
        "nix": "nix",
        "nix-darwin": "nix-darwin",
        "nixpkgs": "nixpkgs_5",
        "themes": "themes",
        "thorium": "thorium"
      }
    },
    "rust-analyzer-src": {
      "flake": false,
      "locked": {
        "lastModified": 1749558764,
        "narHash": "sha256-R9vQiqez6Gm0ARJKgbsAeLyX493vwIaexOUAz0vDhak=",
        "owner": "rust-lang",
        "repo": "rust-analyzer",
        "rev": "9c3476d225ccc90c081280c2a20e9f7d8a200325",
        "type": "github"
      },
      "original": {
        "owner": "rust-lang",
        "ref": "nightly",
        "repo": "rust-analyzer",
        "type": "github"
      }
    },
    "rust-overlay": {
      "inputs": {
        "nixpkgs": [
          "nil",
          "nixpkgs"
        ]
      },
      "locked": {
        "lastModified": 1741055476,
        "narHash": "sha256-52vwEV0oS2lCnx3c/alOFGglujZTLmObit7K8VblnS8=",
        "owner": "oxalica",
        "repo": "rust-overlay",
        "rev": "aefb7017d710f150970299685e8d8b549d653649",
        "type": "github"
      },
      "original": {
        "owner": "oxalica",
        "repo": "rust-overlay",
        "type": "github"
      }
    },
    "systems": {
      "locked": {
        "lastModified": 1681028828,
        "narHash": "sha256-Vy1rq5AaRuLzOxct8nz4T6wlgyUR7zLU309k9mBC768=",
        "owner": "nix-systems",
        "repo": "default",
        "rev": "da67096a3b9bf56a91d16901293e51ba5b49a27e",
        "type": "github"
      },
      "original": {
        "owner": "nix-systems",
        "repo": "default",
        "type": "github"
      }
    },
    "systems_2": {
      "locked": {
        "lastModified": 1681028828,
        "narHash": "sha256-Vy1rq5AaRuLzOxct8nz4T6wlgyUR7zLU309k9mBC768=",
        "owner": "nix-systems",
        "repo": "default",
        "rev": "da67096a3b9bf56a91d16901293e51ba5b49a27e",
        "type": "github"
      },
      "original": {
        "owner": "nix-systems",
        "repo": "default",
        "type": "github"
      }
    },
    "themes": {
      "locked": {
        "lastModified": 1748114866,
        "owner": "RGBCube",
        "repo": "ThemeNix",
        "rev": "1267b9132b3a9c1d6e5c92f52ea1ca780ab2ac4f",
        "type": "github"
      },
      "original": {
        "owner": "RGBCube",
        "repo": "ThemeNix",
        "type": "github"
      }
    },
    "thorium": {
      "inputs": {
        "nixpkgs": "nixpkgs_6"
      },
      "locked": {
        "lastModified": 1749081080,
        "owner": "amaanq",
        "repo": "thorium-flake",
        "rev": "c94a4149e944579fe1ffdd922f19e86e1ae70929",
        "type": "github"
      },
      "original": {
        "owner": "amaanq",
        "repo": "thorium-flake",
        "type": "github"
      }
    }
  },
  "root": "root",
  "version": 7
}
